
Microsoft Visual Studio Solution File, Format Version 12.00
# Visual Studio Version 16
VisualStudioVersion = 16.0.29306.81
MinimumVisualStudioVersion = 10.0.40219.1
Project("{8BC9CEB8-8B4A-11D0-8D11-00A0C91BC942}") = "StreamGraphicsGSI-RL", "StreamGraphicsGSI-RL\StreamGraphicsGSI-RL.vcxproj", "{7131F0DE-0B98-4D21-99E6-04F26E464EE3}"
EndProject
Global
	GlobalSection(SolutionConfigurationPlatforms) = preSolution
		Release|x64 = Release|x64
	EndGlobalSection
	GlobalSection(ProjectConfigurationPlatforms) = postSolution
		{7131F0DE-0B98-4D21-99E6-04F26E464EE3}.Release|x64.ActiveCfg = Release|x64
		{7131F0DE-0B98-4D21-99E6-04F26E464EE3}.Release|x64.Build.0 = Release|x64
	EndGlobalSection
	GlobalSection(SolutionProperties) = preSolution
		HideSolutionNode = FALSE
	EndGlobalSection
	GlobalSection(ExtensibilityGlobals) = postSolution
		SolutionGuid = {9034D073-16BB-48CC-A018-8CD104B57C77}
	EndGlobalSection
EndGlobal
